
Microsoft Visual Studio Solution File, Format Version 12.00
# Visual Studio Version 17
VisualStudioVersion = 17.9.34902.65
MinimumVisualStudioVersion = 10.0.40219.1
Project("{FAE04EC0-301F-11D3-BF4B-00C04F79EFBC}") = "ImageHosting", "ImageHosting\ImageHosting.csproj", "{F70AC722-D1E8-4843-B4D2-F75E3D6400A6}"
EndProject
Global
	GlobalSection(SolutionConfigurationPlatforms) = preSolution
		Debug|Any CPU = Debug|Any CPU
		Release|Any CPU = Release|Any CPU
	EndGlobalSection
	GlobalSection(ProjectConfigurationPlatforms) = postSolution
		{F70AC722-D1E8-4843-B4D2-F75E3D6400A6}.Debug|Any CPU.ActiveCfg = Debug|Any CPU
		{F70AC722-D1E8-4843-B4D2-F75E3D6400A6}.Debug|Any CPU.Build.0 = Debug|Any CPU
		{F70AC722-D1E8-4843-B4D2-F75E3D6400A6}.Release|Any CPU.ActiveCfg = Release|Any CPU
		{F70AC722-D1E8-4843-B4D2-F75E3D6400A6}.Release|Any CPU.Build.0 = Release|Any CPU
	EndGlobalSection
	GlobalSection(SolutionProperties) = preSolution
		HideSolutionNode = FALSE
	EndGlobalSection
	GlobalSection(ExtensibilityGlobals) = postSolution
		SolutionGuid = {FC8F85F3-0C40-494A-8182-382B3B65891E}
	EndGlobalSection
EndGlobal
